
Microsoft Visual Studio Solution File, Format Version 12.00
# Visual Studio Version 17
VisualStudioVersion = 17.10.34928.147
MinimumVisualStudioVersion = 10.0.40219.1
Project("{FAE04EC0-301F-11D3-BF4B-00C04F79EFBC}") = "TaskManagerApplication", "TaskManagerApplication\TaskManagerApplication.csproj", "{AEED98E4-3286-4374-9486-4F25957127E7}"
EndProject
Global
	GlobalSection(SolutionConfigurationPlatforms) = preSolution
		Debug|Any CPU = Debug|Any CPU
		Release|Any CPU = Release|Any CPU
	EndGlobalSection
	GlobalSection(ProjectConfigurationPlatforms) = postSolution
		{AEED98E4-3286-4374-9486-4F25957127E7}.Debug|Any CPU.ActiveCfg = Debug|Any CPU
		{AEED98E4-3286-4374-9486-4F25957127E7}.Debug|Any CPU.Build.0 = Debug|Any CPU
		{AEED98E4-3286-4374-9486-4F25957127E7}.Release|Any CPU.ActiveCfg = Release|Any CPU
		{AEED98E4-3286-4374-9486-4F25957127E7}.Release|Any CPU.Build.0 = Release|Any CPU
	EndGlobalSection
	GlobalSection(SolutionProperties) = preSolution
		HideSolutionNode = FALSE
	EndGlobalSection
	GlobalSection(ExtensibilityGlobals) = postSolution
		SolutionGuid = {5684B3A6-FC1C-496F-A38E-3D9166A73758}
	EndGlobalSection
EndGlobal
